
Microsoft Visual Studio Solution File, Format Version 12.00
# Visual Studio Version 17
VisualStudioVersion = 17.1.32421.90
MinimumVisualStudioVersion = 10.0.40219.1
Project("{FAE04EC0-301F-11D3-BF4B-00C04F79EFBC}") = "uiProject", "uiProject\uiProject.csproj", "{E1DDF7E2-A3CF-494B-BD52-9B942E89CD10}"
EndProject
Global
	GlobalSection(SolutionConfigurationPlatforms) = preSolution
		Debug|Any CPU = Debug|Any CPU
		Release|Any CPU = Release|Any CPU
	EndGlobalSection
	GlobalSection(ProjectConfigurationPlatforms) = postSolution
		{E1DDF7E2-A3CF-494B-BD52-9B942E89CD10}.Debug|Any CPU.ActiveCfg = Debug|Any CPU
		{E1DDF7E2-A3CF-494B-BD52-9B942E89CD10}.Debug|Any CPU.Build.0 = Debug|Any CPU
		{E1DDF7E2-A3CF-494B-BD52-9B942E89CD10}.Release|Any CPU.ActiveCfg = Release|Any CPU
		{E1DDF7E2-A3CF-494B-BD52-9B942E89CD10}.Release|Any CPU.Build.0 = Release|Any CPU
	EndGlobalSection
	GlobalSection(SolutionProperties) = preSolution
		HideSolutionNode = FALSE
	EndGlobalSection
	GlobalSection(ExtensibilityGlobals) = postSolution
		SolutionGuid = {849B1D99-F5DB-49B8-AC7A-F3FA7745162A}
	EndGlobalSection
EndGlobal
